Microsoft Visual Studio Solution File, Format Version 12.00
# Visual Studio Version 17
VisualStudioVersion = 17.0.31903.59
MinimumVisualStudioVersion = 10.0.40219.1
Project("{8BC9CEB8-8B4A-11D0-8D11-00A0C91BC942}") = "WARLegacy", "WAR.vcxproj", "{5ECF3E8A-6D76-4BF2-B2B6-7E93F4C8A1D2}"
EndProject
Project("{8BC9CEB8-8B4A-11D0-8D11-00A0C91BC942}") = "WARShared", "shared\WAR.Shared.vcxproj", "{A1DFA0B2-0F1B-4A60-9D58-3DA1A95B01C1}"
EndProject
Project("{8BC9CEB8-8B4A-11D0-8D11-00A0C91BC942}") = "WAR", "desktop\WAR.Desktop.vcxproj", "{0B0DB359-6A46-450F-B740-77D946A64B2D}"
EndProject
Project("{8BC9CEB8-8B4A-11D0-8D11-00A0C91BC942}") = "WARServer", "server\WAR.Server.vcxproj", "{9EADDF75-C55F-4D64-B667-FD9E4AB6C5E2}"
EndProject
Global
	GlobalSection(SolutionConfigurationPlatforms) = preSolution
		Debug|x64 = Debug|x64
		Release|x64 = Release|x64
	EndGlobalSection
	GlobalSection(ProjectConfigurationPlatforms) = postSolution
		{5ECF3E8A-6D76-4BF2-B2B6-7E93F4C8A1D2}.Debug|x64.ActiveCfg = Debug|x64
		{5ECF3E8A-6D76-4BF2-B2B6-7E93F4C8A1D2}.Debug|x64.Build.0 = Debug|x64
		{5ECF3E8A-6D76-4BF2-B2B6-7E93F4C8A1D2}.Release|x64.ActiveCfg = Release|x64
		{5ECF3E8A-6D76-4BF2-B2B6-7E93F4C8A1D2}.Release|x64.Build.0 = Release|x64
		{A1DFA0B2-0F1B-4A60-9D58-3DA1A95B01C1}.Debug|x64.ActiveCfg = Debug|x64
		{A1DFA0B2-0F1B-4A60-9D58-3DA1A95B01C1}.Debug|x64.Build.0 = Debug|x64
		{A1DFA0B2-0F1B-4A60-9D58-3DA1A95B01C1}.Release|x64.ActiveCfg = Release|x64
		{A1DFA0B2-0F1B-4A60-9D58-3DA1A95B01C1}.Release|x64.Build.0 = Release|x64
		{0B0DB359-6A46-450F-B740-77D946A64B2D}.Debug|x64.ActiveCfg = Debug|x64
		{0B0DB359-6A46-450F-B740-77D946A64B2D}.Debug|x64.Build.0 = Debug|x64
		{0B0DB359-6A46-450F-B740-77D946A64B2D}.Release|x64.ActiveCfg = Release|x64
		{0B0DB359-6A46-450F-B740-77D946A64B2D}.Release|x64.Build.0 = Release|x64
		{9EADDF75-C55F-4D64-B667-FD9E4AB6C5E2}.Debug|x64.ActiveCfg = Debug|x64
		{9EADDF75-C55F-4D64-B667-FD9E4AB6C5E2}.Debug|x64.Build.0 = Debug|x64
		{9EADDF75-C55F-4D64-B667-FD9E4AB6C5E2}.Release|x64.ActiveCfg = Release|x64
		{9EADDF75-C55F-4D64-B667-FD9E4AB6C5E2}.Release|x64.Build.0 = Release|x64
	EndGlobalSection
	GlobalSection(SolutionProperties) = preSolution
		HideSolutionNode = FALSE
	EndGlobalSection
	GlobalSection(ExtensibilityGlobals) = postSolution
		        SolutionGuid = {7420F875-1415-4BE0-B013-F4C6363DF645}
	EndGlobalSection
EndGlobal
