<?xml version="1.0" encoding="utf-8"?>
<Project ToolsVersion="4.0" xmlns="http://schemas.microsoft.com/developer/msbuild/2003">
  <ItemGroup>
    <Filter Include="Source Files">
      <UniqueIdentifier>{E5A8B710-48F9-48F8-BEEF-9A6F4E8D7160}</UniqueIdentifier>
      <Extensions>cpp;c;cc;cxx</Extensions>
    </Filter>
    <Filter Include="Header Files">
      <UniqueIdentifier>{A7075942-0CA9-495B-8BFB-9958CF48E7E9}</UniqueIdentifier>
      <Extensions>h;hpp;hxx;inl</Extensions>
    </Filter>
  </ItemGroup>
  <ItemGroup>
    <ClCompile Include="src\main.cpp"><Filter>Source Files</Filter></ClCompile>
    <ClCompile Include="..\src\engine\host\HeadlessHostBootstrap.cpp"><Filter>Source Files</Filter></ClCompile>
    <ClCompile Include="..\src\engine\core\LocalDemoDiagnostics.cpp"><Filter>Source Files</Filter></ClCompile>
    <ClCompile Include="..\src\engine\host\HeadlessHostMode.cpp"><Filter>Source Files</Filter></ClCompile>
  </ItemGroup>
  <ItemGroup>
    <ClInclude Include="..\src\engine\core\LocalDemoDiagnostics.h"><Filter>Header Files</Filter></ClInclude>
    <ClInclude Include="..\src\engine\core\RuntimePaths.h"><Filter>Header Files</Filter></ClInclude>
    <ClInclude Include="..\src\engine\host\HeadlessHostBootstrap.h"><Filter>Header Files</Filter></ClInclude>
    <ClInclude Include="..\src\engine\host\HeadlessHostMode.h"><Filter>Header Files</Filter></ClInclude>
  </ItemGroup>
</Project>
